// !$*UTF8*$!
{
	archiveVersion = 1;
	classes = {
	};
	objectVersion = 50;
	objects = {

/* Begin PBXBuildFile section */
		40312AAC24211ADB00BDF8E5 /* weatherDataStore.xcdatamodel in Sources */ = {isa = PBXBuildFile; fileRef = 40312AAB24211ADB00BDF8E5 /* weatherDataStore.xcdatamodel */; };
		40312AAF24211CC100BDF8E5 /* WeatherLogListView.swift in Sources */ = {isa = PBXBuildFile; fileRef = 40312AAE24211CC100BDF8E5 /* WeatherLogListView.swift */; };
		40312AB12421FC4500BDF8E5 /* WeatherIcon.swift in Sources */ = {isa = PBXBuildFile; fileRef = 40312AB02421FC4500BDF8E5 /* WeatherIcon.swift */; };
		40312AB324220E2600BDF8E5 /* WeatherIconView.swift in Sources */ = {isa = PBXBuildFile; fileRef = 40312AB224220E2600BDF8E5 /* WeatherIconView.swift */; };
		40312AB5242238A100BDF8E5 /* PressureView.swift in Sources */ = {isa = PBXBuildFile; fileRef = 40312AB4242238A100BDF8E5 /* PressureView.swift */; };
		40312AB724223EEA00BDF8E5 /* HumidityView.swift in Sources */ = {isa = PBXBuildFile; fileRef = 40312AB624223EEA00BDF8E5 /* HumidityView.swift */; };
		40312ABA242241FD00BDF8E5 /* VisibilityView.swift in Sources */ = {isa = PBXBuildFile; fileRef = 40312AB9242241FD00BDF8E5 /* VisibilityView.swift */; };
		40312ABC2422554800BDF8E5 /* SaveButton.swift in Sources */ = {isa = PBXBuildFile; fileRef = 40312ABB2422554800BDF8E5 /* SaveButton.swift */; };
		40456CD424237768004B4970 /* WindView.swift in Sources */ = {isa = PBXBuildFile; fileRef = 40456CD324237768004B4970 /* WindView.swift */; };
		40456CD724238D8A004B4970 /* ReloadButton.swift in Sources */ = {isa = PBXBuildFile; fileRef = 40456CD624238D8A004B4970 /* ReloadButton.swift */; };
		40456CD92423AC96004B4970 /* ApiKey.swift in Sources */ = {isa = PBXBuildFile; fileRef = 40456CD82423AC96004B4970 /* ApiKey.swift */; };
		40BC010B241B968200FC339A /* AppDelegate.swift in Sources */ = {isa = PBXBuildFile; fileRef = 40BC010A241B968200FC339A /* AppDelegate.swift */; };
		40BC010D241B968200FC339A /* SceneDelegate.swift in Sources */ = {isa = PBXBuildFile; fileRef = 40BC010C241B968200FC339A /* SceneDelegate.swift */; };
		40BC010F241B968200FC339A /* RootView.swift in Sources */ = {isa = PBXBuildFile; fileRef = 40BC010E241B968200FC339A /* RootView.swift */; };
		40BC0111241B968300FC339A /* Assets.xcassets in Resources */ = {isa = PBXBuildFile; fileRef = 40BC0110241B968300FC339A /* Assets.xcassets */; };
		40BC0114241B968300FC339A /* Preview Assets.xcassets in Resources */ = {isa = PBXBuildFile; fileRef = 40BC0113241B968300FC339A /* Preview Assets.xcassets */; };
		40BC0117241B968300FC339A /* LaunchScreen.storyboard in Resources */ = {isa = PBXBuildFile; fileRef = 40BC0115241B968300FC339A /* LaunchScreen.storyboard */; };
		40BC0122241B968300FC339A /* WeatherLoggerTests.swift in Sources */ = {isa = PBXBuildFile; fileRef = 40BC0121241B968300FC339A /* WeatherLoggerTests.swift */; };
		40BC012D241B968300FC339A /* WeatherLoggerUITests.swift in Sources */ = {isa = PBXBuildFile; fileRef = 40BC012C241B968300FC339A /* WeatherLoggerUITests.swift */; };
		40BC013C241B972100FC339A /* Api.swift in Sources */ = {isa = PBXBuildFile; fileRef = 40BC013B241B972100FC339A /* Api.swift */; };
		40BC013F241BD2FB00FC339A /* Coordinate.swift in Sources */ = {isa = PBXBuildFile; fileRef = 40BC013E241BD2FB00FC339A /* Coordinate.swift */; };
		40BC0143241BD78B00FC339A /* WeatherData.swift in Sources */ = {isa = PBXBuildFile; fileRef = 40BC0142241BD78B00FC339A /* WeatherData.swift */; };
		40BC014E241D591100FC339A /* CoreLocation.framework in Frameworks */ = {isa = PBXBuildFile; fileRef = 40BC0149241D58BA00FC339A /* CoreLocation.framework */; };
		40BC0152241D5BD400FC339A /* LocationView.swift in Sources */ = {isa = PBXBuildFile; fileRef = 40BC0151241D5BD400FC339A /* LocationView.swift */; };
		40BC0154241D5BF200FC339A /* LocationModel.swift in Sources */ = {isa = PBXBuildFile; fileRef = 40BC0153241D5BF200FC339A /* LocationModel.swift */; };
		40BC0157241D632D00FC339A /* MapkitView.swift in Sources */ = {isa = PBXBuildFile; fileRef = 40BC0156241D632D00FC339A /* MapkitView.swift */; };
		40BC015A241F5F4300FC339A /* TemperatureView.swift in Sources */ = {isa = PBXBuildFile; fileRef = 40BC0159241F5F4200FC339A /* TemperatureView.swift */; };
		40BC015D241F60BE00FC339A /* Temperator_mock.swift in Sources */ = {isa = PBXBuildFile; fileRef = 40BC015C241F60BE00FC339A /* Temperator_mock.swift */; };
		40BC0162241F688800FC339A /* TempConverter.m in Sources */ = {isa = PBXBuildFile; fileRef = 40BC0161241F688800FC339A /* TempConverter.m */; };
		40BC0167241F932600FC339A /* DoubleFormatExtension.swift in Sources */ = {isa = PBXBuildFile; fileRef = 40BC0166241F932600FC339A /* DoubleFormatExtension.swift */; };
		40BC016A241F93CC00FC339A /* izmir_coordinate_mock.swift in Sources */ = {isa = PBXBuildFile; fileRef = 40BC0169241F93CC00FC339A /* izmir_coordinate_mock.swift */; };
		40BC016F241FBFFB00FC339A /* WeatherView.swift in Sources */ = {isa = PBXBuildFile; fileRef = 40BC016E241FBFFB00FC339A /* WeatherView.swift */; };
		40D07C232420B9E200FF8EB5 /* Endpoint.swift in Sources */ = {isa = PBXBuildFile; fileRef = 40D07C222420B9E200FF8EB5 /* Endpoint.swift */; };
/* End PBXBuildFile section */

/* Begin PBXContainerItemProxy section */
		40BC011E241B968300FC339A /* PBXContainerItemProxy */ = {
			isa = PBXContainerItemProxy;
			containerPortal = 40BC00FF241B968200FC339A /* Project object */;
			proxyType = 1;
			remoteGlobalIDString = 40BC0106241B968200FC339A;
			remoteInfo = WeatherLogger;
		};
		40BC0129241B968300FC339A /* PBXContainerItemProxy */ = {
			isa = PBXContainerItemProxy;
			containerPortal = 40BC00FF241B968200FC339A /* Project object */;
			proxyType = 1;
			remoteGlobalIDString = 40BC0106241B968200FC339A;
			remoteInfo = WeatherLogger;
		};
/* End PBXContainerItemProxy section */

/* Begin PBXFileReference section */
		40312AAB24211ADB00BDF8E5 /* weatherDataStore.xcdatamodel */ = {isa = PBXFileReference; lastKnownFileType = wrapper.xcdatamodel; path = weatherDataStore.xcdatamodel; sourceTree = "<group>"; };
		40312AAE24211CC100BDF8E5 /* WeatherLogListView.swift */ = {isa = PBXFileReference; lastKnownFileType = sourcecode.swift; path = WeatherLogListView.swift; sourceTree = "<group>"; };
		40312AB02421FC4500BDF8E5 /* WeatherIcon.swift */ = {isa = PBXFileReference; lastKnownFileType = sourcecode.swift; path = WeatherIcon.swift; sourceTree = "<group>"; };
		40312AB224220E2600BDF8E5 /* WeatherIconView.swift */ = {isa = PBXFileReference; lastKnownFileType = sourcecode.swift; path = WeatherIconView.swift; sourceTree = "<group>"; };
		40312AB4242238A100BDF8E5 /* PressureView.swift */ = {isa = PBXFileReference; lastKnownFileType = sourcecode.swift; path = PressureView.swift; sourceTree = "<group>"; };
		40312AB624223EEA00BDF8E5 /* HumidityView.swift */ = {isa = PBXFileReference; lastKnownFileType = sourcecode.swift; path = HumidityView.swift; sourceTree = "<group>"; };
		40312AB9242241FD00BDF8E5 /* VisibilityView.swift */ = {isa = PBXFileReference; lastKnownFileType = sourcecode.swift; path = VisibilityView.swift; sourceTree = "<group>"; };
		40312ABB2422554800BDF8E5 /* SaveButton.swift */ = {isa = PBXFileReference; lastKnownFileType = sourcecode.swift; path = SaveButton.swift; sourceTree = "<group>"; };
		40456CD324237768004B4970 /* WindView.swift */ = {isa = PBXFileReference; lastKnownFileType = sourcecode.swift; path = WindView.swift; sourceTree = "<group>"; };
		40456CD624238D8A004B4970 /* ReloadButton.swift */ = {isa = PBXFileReference; lastKnownFileType = sourcecode.swift; path = ReloadButton.swift; sourceTree = "<group>"; };
		40456CD82423AC96004B4970 /* ApiKey.swift */ = {isa = PBXFileReference; lastKnownFileType = sourcecode.swift; path = ApiKey.swift; sourceTree = "<group>"; };
		40BC0107241B968200FC339A /* WeatherLogger.app */ = {isa = PBXFileReference; explicitFileType = wrapper.application; includeInIndex = 0; path = WeatherLogger.app; sourceTree = BUILT_PRODUCTS_DIR; };
		40BC010A241B968200FC339A /* AppDelegate.swift */ = {isa = PBXFileReference; lastKnownFileType = sourcecode.swift; path = AppDelegate.swift; sourceTree = "<group>"; };
		40BC010C241B968200FC339A /* SceneDelegate.swift */ = {isa = PBXFileReference; lastKnownFileType = sourcecode.swift; path = SceneDelegate.swift; sourceTree = "<group>"; };
		40BC010E241B968200FC339A /* RootView.swift */ = {isa = PBXFileReference; lastKnownFileType = sourcecode.swift; path = RootView.swift; sourceTree = "<group>"; };
		40BC0110241B968300FC339A /* Assets.xcassets */ = {isa = PBXFileReference; lastKnownFileType = folder.assetcatalog; path = Assets.xcassets; sourceTree = "<group>"; };
		40BC0113241B968300FC339A /* Preview Assets.xcassets */ = {isa = PBXFileReference; lastKnownFileType = folder.assetcatalog; path = "Preview Assets.xcassets"; sourceTree = "<group>"; };
		40BC0116241B968300FC339A /* Base */ = {isa = PBXFileReference; lastKnownFileType = file.storyboard; name = Base; path = Base.lproj/LaunchScreen.storyboard; sourceTree = "<group>"; };
		40BC0118241B968300FC339A /* Info.plist */ = {isa = PBXFileReference; lastKnownFileType = text.plist.xml; path = Info.plist; sourceTree = "<group>"; };
		40BC011D241B968300FC339A /* WeatherLoggerTests.xctest */ = {isa = PBXFileReference; explicitFileType = wrapper.cfbundle; includeInIndex = 0; path = WeatherLoggerTests.xctest; sourceTree = BUILT_PRODUCTS_DIR; };
		40BC0121241B968300FC339A /* WeatherLoggerTests.swift */ = {isa = PBXFileReference; lastKnownFileType = sourcecode.swift; path = WeatherLoggerTests.swift; sourceTree = "<group>"; };
		40BC0123241B968300FC339A /* Info.plist */ = {isa = PBXFileReference; lastKnownFileType = text.plist.xml; path = Info.plist; sourceTree = "<group>"; };
		40BC0128241B968300FC339A /* WeatherLoggerUITests.xctest */ = {isa = PBXFileReference; explicitFileType = wrapper.cfbundle; includeInIndex = 0; path = WeatherLoggerUITests.xctest; sourceTree = BUILT_PRODUCTS_DIR; };
		40BC012C241B968300FC339A /* WeatherLoggerUITests.swift */ = {isa = PBXFileReference; lastKnownFileType = sourcecode.swift; path = WeatherLoggerUITests.swift; sourceTree = "<group>"; };
		40BC012E241B968300FC339A /* Info.plist */ = {isa = PBXFileReference; lastKnownFileType = text.plist.xml; path = Info.plist; sourceTree = "<group>"; };
		40BC013B241B972100FC339A /* Api.swift */ = {isa = PBXFileReference; lastKnownFileType = sourcecode.swift; path = Api.swift; sourceTree = "<group>"; };
		40BC013E241BD2FB00FC339A /* Coordinate.swift */ = {isa = PBXFileReference; lastKnownFileType = sourcecode.swift; path = Coordinate.swift; sourceTree = "<group>"; };
		40BC0142241BD78B00FC339A /* WeatherData.swift */ = {isa = PBXFileReference; lastKnownFileType = sourcecode.swift; path = WeatherData.swift; sourceTree = "<group>"; };
		40BC0149241D58BA00FC339A /* CoreLocation.framework */ = {isa = PBXFileReference; lastKnownFileType = wrapper.framework; name = CoreLocation.framework; path = System/Library/Frameworks/CoreLocation.framework; sourceTree = SDKROOT; };
		40BC0151241D5BD400FC339A /* LocationView.swift */ = {isa = PBXFileReference; lastKnownFileType = sourcecode.swift; path = LocationView.swift; sourceTree = "<group>"; };
		40BC0153241D5BF200FC339A /* LocationModel.swift */ = {isa = PBXFileReference; lastKnownFileType = sourcecode.swift; path = LocationModel.swift; sourceTree = "<group>"; };
		40BC0156241D632D00FC339A /* MapkitView.swift */ = {isa = PBXFileReference; lastKnownFileType = sourcecode.swift; path = MapkitView.swift; sourceTree = "<group>"; };
		40BC0159241F5F4200FC339A /* TemperatureView.swift */ = {isa = PBXFileReference; lastKnownFileType = sourcecode.swift; path = TemperatureView.swift; sourceTree = "<group>"; };
		40BC015C241F60BE00FC339A /* Temperator_mock.swift */ = {isa = PBXFileReference; lastKnownFileType = sourcecode.swift; path = Temperator_mock.swift; sourceTree = "<group>"; };
		40BC0160241F688800FC339A /* TempConverter-Bridging-Header.h */ = {isa = PBXFileReference; lastKnownFileType = sourcecode.c.h; path = "TempConverter-Bridging-Header.h"; sourceTree = "<group>"; };
		40BC0161241F688800FC339A /* TempConverter.m */ = {isa = PBXFileReference; lastKnownFileType = sourcecode.c.objc; path = TempConverter.m; sourceTree = "<group>"; };
		40BC0166241F932600FC339A /* DoubleFormatExtension.swift */ = {isa = PBXFileReference; lastKnownFileType = sourcecode.swift; path = DoubleFormatExtension.swift; sourceTree = "<group>"; };
		40BC0169241F93CC00FC339A /* izmir_coordinate_mock.swift */ = {isa = PBXFileReference; lastKnownFileType = sourcecode.swift; path = izmir_coordinate_mock.swift; sourceTree = "<group>"; };
		40BC016E241FBFFB00FC339A /* WeatherView.swift */ = {isa = PBXFileReference; lastKnownFileType = sourcecode.swift; path = WeatherView.swift; sourceTree = "<group>"; };
		40BC0175241FEEFC00FC339A /* Location.gpx */ = {isa = PBXFileReference; lastKnownFileType = text.xml; path = Location.gpx; sourceTree = "<group>"; };
		40D07C222420B9E200FF8EB5 /* Endpoint.swift */ = {isa = PBXFileReference; lastKnownFileType = sourcecode.swift; path = Endpoint.swift; sourceTree = "<group>"; };
/* End PBXFileReference section */

/* Begin PBXFrameworksBuildPhase section */
		40BC0104241B968200FC339A /* Frameworks */ = {
			isa = PBXFrameworksBuildPhase;
			buildActionMask = 2147483647;
			files = (
				40BC014E241D591100FC339A /* CoreLocation.framework in Frameworks */,
			);
			runOnlyForDeploymentPostprocessing = 0;
		};
		40BC011A241B968300FC339A /* Frameworks */ = {
			isa = PBXFrameworksBuildPhase;
			buildActionMask = 2147483647;
			files = (
			);
			runOnlyForDeploymentPostprocessing = 0;
		};
		40BC0125241B968300FC339A /* Frameworks */ = {
			isa = PBXFrameworksBuildPhase;
			buildActionMask = 2147483647;
			files = (
			);
			runOnlyForDeploymentPostprocessing = 0;
		};
/* End PBXFrameworksBuildPhase section */

/* Begin PBXGroup section */
		40312AAA24211A7F00BDF8E5 /* Store */ = {
			isa = PBXGroup;
			children = (
				40312AAB24211ADB00BDF8E5 /* weatherDataStore.xcdatamodel */,
			);
			path = Store;
			sourceTree = "<group>";
		};
		40312AAD24211AEA00BDF8E5 /* WeatherLogs */ = {
			isa = PBXGroup;
			children = (
				40312AAE24211CC100BDF8E5 /* WeatherLogListView.swift */,
			);
			path = WeatherLogs;
			sourceTree = "<group>";
		};
		40312AB82422419D00BDF8E5 /* Details */ = {
			isa = PBXGroup;
			children = (
				40312AB224220E2600BDF8E5 /* WeatherIconView.swift */,
				40BC0159241F5F4200FC339A /* TemperatureView.swift */,
				40312AB4242238A100BDF8E5 /* PressureView.swift */,
				40312AB624223EEA00BDF8E5 /* HumidityView.swift */,
				40312AB9242241FD00BDF8E5 /* VisibilityView.swift */,
				40456CD324237768004B4970 /* WindView.swift */,
			);
			path = Details;
			sourceTree = "<group>";
		};
		40456CD524238D79004B4970 /* Buttons */ = {
			isa = PBXGroup;
			children = (
				40312ABB2422554800BDF8E5 /* SaveButton.swift */,
				40456CD624238D8A004B4970 /* ReloadButton.swift */,
			);
			path = Buttons;
			sourceTree = "<group>";
		};
		40BC00FE241B968200FC339A = {
			isa = PBXGroup;
			children = (
				40BC0109241B968200FC339A /* WeatherLogger */,
				40BC0120241B968300FC339A /* WeatherLoggerTests */,
				40BC012B241B968300FC339A /* WeatherLoggerUITests */,
				40BC0108241B968200FC339A /* Products */,
				40BC0148241D58BA00FC339A /* Frameworks */,
			);
			sourceTree = "<group>";
		};
		40BC0108241B968200FC339A /* Products */ = {
			isa = PBXGroup;
			children = (
				40BC0107241B968200FC339A /* WeatherLogger.app */,
				40BC011D241B968300FC339A /* WeatherLoggerTests.xctest */,
				40BC0128241B968300FC339A /* WeatherLoggerUITests.xctest */,
			);
			name = Products;
			sourceTree = "<group>";
		};
		40BC0109241B968200FC339A /* WeatherLogger */ = {
			isa = PBXGroup;
			children = (
				40312AAA24211A7F00BDF8E5 /* Store */,
				40BC015E241F612700FC339A /* Extensions */,
				40BC013D241BD2E900FC339A /* Models */,
				40BC0165241F8F0D00FC339A /* Networking */,
				40BC0155241D631C00FC339A /* Views */,
				40BC015B241F60A700FC339A /* Mocks */,
				40BC0168241F939200FC339A /* SupportFiles */,
			);
			path = WeatherLogger;
			sourceTree = "<group>";
		};
		40BC0112241B968300FC339A /* Preview Content */ = {
			isa = PBXGroup;
			children = (
				40BC0113241B968300FC339A /* Preview Assets.xcassets */,
			);
			path = "Preview Content";
			sourceTree = "<group>";
		};
		40BC0120241B968300FC339A /* WeatherLoggerTests */ = {
			isa = PBXGroup;
			children = (
				40BC0121241B968300FC339A /* WeatherLoggerTests.swift */,
				40BC0123241B968300FC339A /* Info.plist */,
			);
			path = WeatherLoggerTests;
			sourceTree = "<group>";
		};
		40BC012B241B968300FC339A /* WeatherLoggerUITests */ = {
			isa = PBXGroup;
			children = (
				40BC012C241B968300FC339A /* WeatherLoggerUITests.swift */,
				40BC012E241B968300FC339A /* Info.plist */,
			);
			path = WeatherLoggerUITests;
			sourceTree = "<group>";
		};
		40BC013D241BD2E900FC339A /* Models */ = {
			isa = PBXGroup;
			children = (
				40BC015F241F67ED00FC339A /* Objective-c */,
				40BC013E241BD2FB00FC339A /* Coordinate.swift */,
				40BC0142241BD78B00FC339A /* WeatherData.swift */,
				40BC0153241D5BF200FC339A /* LocationModel.swift */,
			);
			path = Models;
			sourceTree = "<group>";
		};
		40BC0148241D58BA00FC339A /* Frameworks */ = {
			isa = PBXGroup;
			children = (
				40BC0149241D58BA00FC339A /* CoreLocation.framework */,
			);
			name = Frameworks;
			sourceTree = "<group>";
		};
		40BC0155241D631C00FC339A /* Views */ = {
			isa = PBXGroup;
			children = (
				40BC010E241B968200FC339A /* RootView.swift */,
				40BC016D241FBFD700FC339A /* Weather */,
				40312AAD24211AEA00BDF8E5 /* WeatherLogs */,
				40BC0170241FC04400FC339A /* Map */,
			);
			path = Views;
			sourceTree = "<group>";
		};
		40BC015B241F60A700FC339A /* Mocks */ = {
			isa = PBXGroup;
			children = (
				40BC015C241F60BE00FC339A /* Temperator_mock.swift */,
				40BC0169241F93CC00FC339A /* izmir_coordinate_mock.swift */,
				40BC0175241FEEFC00FC339A /* Location.gpx */,
			);
			path = Mocks;
			sourceTree = "<group>";
		};
		40BC015E241F612700FC339A /* Extensions */ = {
			isa = PBXGroup;
			children = (
				40BC0166241F932600FC339A /* DoubleFormatExtension.swift */,
				40312AB02421FC4500BDF8E5 /* WeatherIcon.swift */,
			);
			path = Extensions;
			sourceTree = "<group>";
		};
		40BC015F241F67ED00FC339A /* Objective-c */ = {
			isa = PBXGroup;
			children = (
				40BC0161241F688800FC339A /* TempConverter.m */,
				40BC0160241F688800FC339A /* TempConverter-Bridging-Header.h */,
			);
			path = "Objective-c";
			sourceTree = "<group>";
		};
		40BC0165241F8F0D00FC339A /* Networking */ = {
			isa = PBXGroup;
			children = (
				40BC013B241B972100FC339A /* Api.swift */,
				40D07C222420B9E200FF8EB5 /* Endpoint.swift */,
				40456CD82423AC96004B4970 /* ApiKey.swift */,
			);
			path = Networking;
			sourceTree = "<group>";
		};
		40BC0168241F939200FC339A /* SupportFiles */ = {
			isa = PBXGroup;
			children = (
				40BC010A241B968200FC339A /* AppDelegate.swift */,
				40BC010C241B968200FC339A /* SceneDelegate.swift */,
				40BC0110241B968300FC339A /* Assets.xcassets */,
				40BC0115241B968300FC339A /* LaunchScreen.storyboard */,
				40BC0118241B968300FC339A /* Info.plist */,
				40BC0112241B968300FC339A /* Preview Content */,
			);
			path = SupportFiles;
			sourceTree = "<group>";
		};
		40BC016D241FBFD700FC339A /* Weather */ = {
			isa = PBXGroup;
			children = (
				40BC016E241FBFFB00FC339A /* WeatherView.swift */,
				40312AB82422419D00BDF8E5 /* Details */,
				40456CD524238D79004B4970 /* Buttons */,
			);
			path = Weather;
			sourceTree = "<group>";
		};
		40BC0170241FC04400FC339A /* Map */ = {
			isa = PBXGroup;
			children = (
				40BC0151241D5BD400FC339A /* LocationView.swift */,
				40BC0156241D632D00FC339A /* MapkitView.swift */,
			);
			path = Map;
			sourceTree = "<group>";
		};
/* End PBXGroup section */

/* Begin PBXNativeTarget section */
		40BC0106241B968200FC339A /* WeatherLogger */ = {
			isa = PBXNativeTarget;
			buildConfigurationList = 40BC0131241B968300FC339A /* Build configuration list for PBXNativeTarget "WeatherLogger" */;
			buildPhases = (
				40BC0103241B968200FC339A /* Sources */,
				40BC0104241B968200FC339A /* Frameworks */,
				40BC0105241B968200FC339A /* Resources */,
			);
			buildRules = (
			);
			dependencies = (
			);
			name = WeatherLogger;
			productName = WeatherLogger;
			productReference = 40BC0107241B968200FC339A /* WeatherLogger.app */;
			productType = "com.apple.product-type.application";
		};
		40BC011C241B968300FC339A /* WeatherLoggerTests */ = {
			isa = PBXNativeTarget;
			buildConfigurationList = 40BC0134241B968300FC339A /* Build configuration list for PBXNativeTarget "WeatherLoggerTests" */;
			buildPhases = (
				40BC0119241B968300FC339A /* Sources */,
				40BC011A241B968300FC339A /* Frameworks */,
				40BC011B241B968300FC339A /* Resources */,
			);
			buildRules = (
			);
			dependencies = (
				40BC011F241B968300FC339A /* PBXTargetDependency */,
			);
			name = WeatherLoggerTests;
			productName = WeatherLoggerTests;
			productReference = 40BC011D241B968300FC339A /* WeatherLoggerTests.xctest */;
			productType = "com.apple.product-type.bundle.unit-test";
		};
		40BC0127241B968300FC339A /* WeatherLoggerUITests */ = {
			isa = PBXNativeTarget;
			buildConfigurationList = 40BC0137241B968300FC339A /* Build configuration list for PBXNativeTarget "WeatherLoggerUITests" */;
			buildPhases = (
				40BC0124241B968300FC339A /* Sources */,
				40BC0125241B968300FC339A /* Frameworks */,
				40BC0126241B968300FC339A /* Resources */,
			);
			buildRules = (
			);
			dependencies = (
				40BC012A241B968300FC339A /* PBXTargetDependency */,
			);
			name = WeatherLoggerUITests;
			productName = WeatherLoggerUITests;
			productReference = 40BC0128241B968300FC339A /* WeatherLoggerUITests.xctest */;
			productType = "com.apple.product-type.bundle.ui-testing";
		};
/* End PBXNativeTarget section */

/* Begin PBXProject section */
		40BC00FF241B968200FC339A /* Project object */ = {
			isa = PBXProject;
			attributes = {
				LastSwiftUpdateCheck = 1140;
				LastUpgradeCheck = 1140;
				ORGANIZATIONNAME = "Murat Mayadağ";
				TargetAttributes = {
					40BC0106241B968200FC339A = {
						CreatedOnToolsVersion = 11.4;
						LastSwiftMigration = 1140;
					};
					40BC011C241B968300FC339A = {
						CreatedOnToolsVersion = 11.4;
						TestTargetID = 40BC0106241B968200FC339A;
					};
					40BC0127241B968300FC339A = {
						CreatedOnToolsVersion = 11.4;
						TestTargetID = 40BC0106241B968200FC339A;
					};
				};
			};
			buildConfigurationList = 40BC0102241B968200FC339A /* Build configuration list for PBXProject "WeatherLogger" */;
			compatibilityVersion = "Xcode 9.3";
			developmentRegion = en;
			hasScannedForEncodings = 0;
			knownRegions = (
				en,
				Base,
			);
			mainGroup = 40BC00FE241B968200FC339A;
			productRefGroup = 40BC0108241B968200FC339A /* Products */;
			projectDirPath = "";
			projectRoot = "";
			targets = (
				40BC0106241B968200FC339A /* WeatherLogger */,
				40BC011C241B968300FC339A /* WeatherLoggerTests */,
				40BC0127241B968300FC339A /* WeatherLoggerUITests */,
			);
		};
/* End PBXProject section */

/* Begin PBXResourcesBuildPhase section */
		40BC0105241B968200FC339A /* Resources */ = {
			isa = PBXResourcesBuildPhase;
			buildActionMask = 2147483647;
			files = (
				40BC0117241B968300FC339A /* LaunchScreen.storyboard in Resources */,
				40BC0114241B968300FC339A /* Preview Assets.xcassets in Resources */,
				40BC0111241B968300FC339A /* Assets.xcassets in Resources */,
			);
			runOnlyForDeploymentPostprocessing = 0;
		};
		40BC011B241B968300FC339A /* Resources */ = {
			isa = PBXResourcesBuildPhase;
			buildActionMask = 2147483647;
			files = (
			);
			runOnlyForDeploymentPostprocessing = 0;
		};
		40BC0126241B968300FC339A /* Resources */ = {
			isa = PBXResourcesBuildPhase;
			buildActionMask = 2147483647;
			files = (
			);
			runOnlyForDeploymentPostprocessing = 0;
		};
/* End PBXResourcesBuildPhase section */

/* Begin PBXSourcesBuildPhase section */
		40BC0103241B968200FC339A /* Sources */ = {
			isa = PBXSourcesBuildPhase;
			buildActionMask = 2147483647;
			files = (
				40312AB5242238A100BDF8E5 /* PressureView.swift in Sources */,
				40BC016F241FBFFB00FC339A /* WeatherView.swift in Sources */,
				40312AAC24211ADB00BDF8E5 /* weatherDataStore.xcdatamodel in Sources */,
				40BC010B241B968200FC339A /* AppDelegate.swift in Sources */,
				40456CD724238D8A004B4970 /* ReloadButton.swift in Sources */,
				40BC010D241B968200FC339A /* SceneDelegate.swift in Sources */,
				40312AB324220E2600BDF8E5 /* WeatherIconView.swift in Sources */,
				40312ABC2422554800BDF8E5 /* SaveButton.swift in Sources */,
				40BC013C241B972100FC339A /* Api.swift in Sources */,
				40312ABA242241FD00BDF8E5 /* VisibilityView.swift in Sources */,
				40BC016A241F93CC00FC339A /* izmir_coordinate_mock.swift in Sources */,
				40BC0162241F688800FC339A /* TempConverter.m in Sources */,
				40BC0167241F932600FC339A /* DoubleFormatExtension.swift in Sources */,
				40312AAF24211CC100BDF8E5 /* WeatherLogListView.swift in Sources */,
				40BC010F241B968200FC339A /* RootView.swift in Sources */,
				40BC0157241D632D00FC339A /* MapkitView.swift in Sources */,
				40312AB724223EEA00BDF8E5 /* HumidityView.swift in Sources */,
				40BC015A241F5F4300FC339A /* TemperatureView.swift in Sources */,
				40D07C232420B9E200FF8EB5 /* Endpoint.swift in Sources */,
				40BC0143241BD78B00FC339A /* WeatherData.swift in Sources */,
				40BC013F241BD2FB00FC339A /* Coordinate.swift in Sources */,
				40456CD424237768004B4970 /* WindView.swift in Sources */,
				40BC015D241F60BE00FC339A /* Temperator_mock.swift in Sources */,
				40312AB12421FC4500BDF8E5 /* WeatherIcon.swift in Sources */,
				40BC0152241D5BD400FC339A /* LocationView.swift in Sources */,
				40456CD92423AC96004B4970 /* ApiKey.swift in Sources */,
				40BC0154241D5BF200FC339A /* LocationModel.swift in Sources */,
			);
			runOnlyForDeploymentPostprocessing = 0;
		};
		40BC0119241B968300FC339A /* Sources */ = {
			isa = PBXSourcesBuildPhase;
			buildActionMask = 2147483647;
			files = (
				40BC0122241B968300FC339A /* WeatherLoggerTests.swift in Sources */,
			);
			runOnlyForDeploymentPostprocessing = 0;
		};
		40BC0124241B968300FC339A /* Sources */ = {
			isa = PBXSourcesBuildPhase;
			buildActionMask = 2147483647;
			files = (
				40BC012D241B968300FC339A /* WeatherLoggerUITests.swift in Sources */,
			);
			runOnlyForDeploymentPostprocessing = 0;
		};
/* End PBXSourcesBuildPhase section */

/* Begin PBXTargetDependency section */
		40BC011F241B968300FC339A /* PBXTargetDependency */ = {
			isa = PBXTargetDependency;
			target = 40BC0106241B968200FC339A /* WeatherLogger */;
			targetProxy = 40BC011E241B968300FC339A /* PBXContainerItemProxy */;
		};
		40BC012A241B968300FC339A /* PBXTargetDependency */ = {
			isa = PBXTargetDependency;
			target = 40BC0106241B968200FC339A /* WeatherLogger */;
			targetProxy = 40BC0129241B968300FC339A /* PBXContainerItemProxy */;
		};
/* End PBXTargetDependency section */

/* Begin PBXVariantGroup section */
		40BC0115241B968300FC339A /* LaunchScreen.storyboard */ = {
			isa = PBXVariantGroup;
			children = (
				40BC0116241B968300FC339A /* Base */,
			);
			name = LaunchScreen.storyboard;
			sourceTree = "<group>";
		};
/* End PBXVariantGroup section */

/* Begin XCBuildConfiguration section */
		40BC012F241B968300FC339A /* Debug */ = {
			isa = XCBuildConfiguration;
			buildSettings = {
				ALWAYS_SEARCH_USER_PATHS = NO;
				CLANG_ANALYZER_NONNULL = YES;
				CLANG_ANALYZER_NUMBER_OBJECT_CONVERSION = YES_AGGRESSIVE;
				CLANG_CXX_LANGUAGE_STANDARD = "gnu++14";
				CLANG_CXX_LIBRARY = "libc++";
				CLANG_ENABLE_MODULES = YES;
				CLANG_ENABLE_OBJC_ARC = YES;
				CLANG_ENABLE_OBJC_WEAK = YES;
				CLANG_WARN_BLOCK_CAPTURE_AUTORELEASING = YES;
				CLANG_WARN_BOOL_CONVERSION = YES;
				CLANG_WARN_COMMA = YES;
				CLANG_WARN_CONSTANT_CONVERSION = YES;
				CLANG_WARN_DEPRECATED_OBJC_IMPLEMENTATIONS = YES;
				CLANG_WARN_DIRECT_OBJC_ISA_USAGE = YES_ERROR;
				CLANG_WARN_DOCUMENTATION_COMMENTS = YES;
				CLANG_WARN_EMPTY_BODY = YES;
				CLANG_WARN_ENUM_CONVERSION = YES;
				CLANG_WARN_INFINITE_RECURSION = YES;
				CLANG_WARN_INT_CONVERSION = YES;
				CLANG_WARN_NON_LITERAL_NULL_CONVERSION = YES;
				CLANG_WARN_OBJC_IMPLICIT_RETAIN_SELF = YES;
				CLANG_WARN_OBJC_LITERAL_CONVERSION = YES;
				CLANG_WARN_OBJC_ROOT_CLASS = YES_ERROR;
				CLANG_WARN_RANGE_LOOP_ANALYSIS = YES;
				CLANG_WARN_STRICT_PROTOTYPES = YES;
				CLANG_WARN_SUSPICIOUS_MOVE = YES;
				CLANG_WARN_UNGUARDED_AVAILABILITY = YES_AGGRESSIVE;
				CLANG_WARN_UNREACHABLE_CODE = YES;
				CLANG_WARN__DUPLICATE_METHOD_MATCH = YES;
				COPY_PHASE_STRIP = NO;
				DEBUG_INFORMATION_FORMAT = dwarf;
				ENABLE_STRICT_OBJC_MSGSEND = YES;
				ENABLE_TESTABILITY = YES;
				GCC_C_LANGUAGE_STANDARD = gnu11;
				GCC_DYNAMIC_NO_PIC = NO;
				GCC_NO_COMMON_BLOCKS = YES;
				GCC_OPTIMIZATION_LEVEL = 0;
				GCC_PREPROCESSOR_DEFINITIONS = (
					"DEBUG=1",
					"$(inherited)",
				);
				GCC_WARN_64_TO_32_BIT_CONVERSION = YES;
				GCC_WARN_ABOUT_RETURN_TYPE = YES_ERROR;
				GCC_WARN_UNDECLARED_SELECTOR = YES;
				GCC_WARN_UNINITIALIZED_AUTOS = YES_AGGRESSIVE;
				GCC_WARN_UNUSED_FUNCTION = YES;
				GCC_WARN_UNUSED_VARIABLE = YES;
				IPHONEOS_DEPLOYMENT_TARGET = 13.4;
				MTL_ENABLE_DEBUG_INFO = INCLUDE_SOURCE;
				MTL_FAST_MATH = YES;
				ONLY_ACTIVE_ARCH = YES;
				SDKROOT = iphoneos;
				SWIFT_ACTIVE_COMPILATION_CONDITIONS = DEBUG;
				SWIFT_OPTIMIZATION_LEVEL = "-Onone";
			};
			name = Debug;
		};
		40BC0130241B968300FC339A /* Release */ = {
			isa = XCBuildConfiguration;
			buildSettings = {
				ALWAYS_SEARCH_USER_PATHS = NO;
				CLANG_ANALYZER_NONNULL = YES;
				CLANG_ANALYZER_NUMBER_OBJECT_CONVERSION = YES_AGGRESSIVE;
				CLANG_CXX_LANGUAGE_STANDARD = "gnu++14";
				CLANG_CXX_LIBRARY = "libc++";
				CLANG_ENABLE_MODULES = YES;
				CLANG_ENABLE_OBJC_ARC = YES;
				CLANG_ENABLE_OBJC_WEAK = YES;
				CLANG_WARN_BLOCK_CAPTURE_AUTORELEASING = YES;
				CLANG_WARN_BOOL_CONVERSION = YES;
				CLANG_WARN_COMMA = YES;
				CLANG_WARN_CONSTANT_CONVERSION = YES;
				CLANG_WARN_DEPRECATED_OBJC_IMPLEMENTATIONS = YES;
				CLANG_WARN_DIRECT_OBJC_ISA_USAGE = YES_ERROR;
				CLANG_WARN_DOCUMENTATION_COMMENTS = YES;
				CLANG_WARN_EMPTY_BODY = YES;
				CLANG_WARN_ENUM_CONVERSION = YES;
				CLANG_WARN_INFINITE_RECURSION = YES;
				CLANG_WARN_INT_CONVERSION = YES;
				CLANG_WARN_NON_LITERAL_NULL_CONVERSION = YES;
				CLANG_WARN_OBJC_IMPLICIT_RETAIN_SELF = YES;
				CLANG_WARN_OBJC_LITERAL_CONVERSION = YES;
				CLANG_WARN_OBJC_ROOT_CLASS = YES_ERROR;
				CLANG_WARN_RANGE_LOOP_ANALYSIS = YES;
				CLANG_WARN_STRICT_PROTOTYPES = YES;
				CLANG_WARN_SUSPICIOUS_MOVE = YES;
				CLANG_WARN_UNGUARDED_AVAILABILITY = YES_AGGRESSIVE;
				CLANG_WARN_UNREACHABLE_CODE = YES;
				CLANG_WARN__DUPLICATE_METHOD_MATCH = YES;
				COPY_PHASE_STRIP = NO;
				DEBUG_INFORMATION_FORMAT = "dwarf-with-dsym";
				ENABLE_NS_ASSERTIONS = NO;
				ENABLE_STRICT_OBJC_MSGSEND = YES;
				GCC_C_LANGUAGE_STANDARD = gnu11;
				GCC_NO_COMMON_BLOCKS = YES;
				GCC_WARN_64_TO_32_BIT_CONVERSION = YES;
				GCC_WARN_ABOUT_RETURN_TYPE = YES_ERROR;
				GCC_WARN_UNDECLARED_SELECTOR = YES;
				GCC_WARN_UNINITIALIZED_AUTOS = YES_AGGRESSIVE;
				GCC_WARN_UNUSED_FUNCTION = YES;
				GCC_WARN_UNUSED_VARIABLE = YES;
				IPHONEOS_DEPLOYMENT_TARGET = 13.4;
				MTL_ENABLE_DEBUG_INFO = NO;
				MTL_FAST_MATH = YES;
				SDKROOT = iphoneos;
				SWIFT_COMPILATION_MODE = wholemodule;
				SWIFT_OPTIMIZATION_LEVEL = "-O";
				VALIDATE_PRODUCT = YES;
			};
			name = Release;
		};
		40BC0132241B968300FC339A /* Debug */ = {
			isa = XCBuildConfiguration;
			buildSettings = {
				ASSETCATALOG_COMPILER_APPICON_NAME = AppIcon;
				CLANG_ENABLE_MODULES = YES;
				CODE_SIGN_STYLE = Automatic;
				DEVELOPMENT_ASSET_PATHS = "\"WeatherLogger/SupportFiles/Preview Content\"";
				DEVELOPMENT_TEAM = NMYUPMU93U;
				ENABLE_PREVIEWS = YES;
				INFOPLIST_FILE = WeatherLogger/SupportFiles/Info.plist;
				LD_RUNPATH_SEARCH_PATHS = (
					"$(inherited)",
					"@executable_path/Frameworks",
				);
				PRODUCT_BUNDLE_IDENTIFIER = mayadag.WeatherLogger;
				PRODUCT_NAME = "$(TARGET_NAME)";
				SWIFT_OBJC_BRIDGING_HEADER = "WeatherLogger/Models/Objective-c/TempConverter-Bridging-Header.h";
				SWIFT_OPTIMIZATION_LEVEL = "-Onone";
				SWIFT_VERSION = 5.0;
				TARGETED_DEVICE_FAMILY = "1,2";
			};
			name = Debug;
		};
		40BC0133241B968300FC339A /* Release */ = {
			isa = XCBuildConfiguration;
			buildSettings = {
				ASSETCATALOG_COMPILER_APPICON_NAME = AppIcon;
				CLANG_ENABLE_MODULES = YES;
				CODE_SIGN_STYLE = Automatic;
				DEVELOPMENT_ASSET_PATHS = "\"WeatherLogger/SupportFiles/Preview Content\"";
				DEVELOPMENT_TEAM = NMYUPMU93U;
				ENABLE_PREVIEWS = YES;
				INFOPLIST_FILE = WeatherLogger/SupportFiles/Info.plist;
				LD_RUNPATH_SEARCH_PATHS = (
					"$(inherited)",
					"@executable_path/Frameworks",
				);
				PRODUCT_BUNDLE_IDENTIFIER = mayadag.WeatherLogger;
				PRODUCT_NAME = "$(TARGET_NAME)";
				SWIFT_OBJC_BRIDGING_HEADER = "WeatherLogger/Models/Objective-c/TempConverter-Bridging-Header.h";
				SWIFT_VERSION = 5.0;
				TARGETED_DEVICE_FAMILY = "1,2";
			};
			name = Release;
		};
		40BC0135241B968300FC339A /* Debug */ = {
			isa = XCBuildConfiguration;
			buildSettings = {
				ALWAYS_EMBED_SWIFT_STANDARD_LIBRARIES = YES;
				BUNDLE_LOADER = "$(TEST_HOST)";
				CODE_SIGN_STYLE = Automatic;
				DEVELOPMENT_TEAM = NMYUPMU93U;
				INFOPLIST_FILE = WeatherLoggerTests/Info.plist;
				IPHONEOS_DEPLOYMENT_TARGET = 13.4;
				LD_RUNPATH_SEARCH_PATHS = (
					"$(inherited)",
					"@executable_path/Frameworks",
					"@loader_path/Frameworks",
				);
				PRODUCT_BUNDLE_IDENTIFIER = mayadag.WeatherLoggerTests;
				PRODUCT_NAME = "$(TARGET_NAME)";
				SWIFT_VERSION = 5.0;
				TARGETED_DEVICE_FAMILY = "1,2";
				TEST_HOST = "$(BUILT_PRODUCTS_DIR)/WeatherLogger.app/WeatherLogger";
			};
			name = Debug;
		};
		40BC0136241B968300FC339A /* Release */ = {
			isa = XCBuildConfiguration;
			buildSettings = {
				ALWAYS_EMBED_SWIFT_STANDARD_LIBRARIES = YES;
				BUNDLE_LOADER = "$(TEST_HOST)";
				CODE_SIGN_STYLE = Automatic;
				DEVELOPMENT_TEAM = NMYUPMU93U;
				INFOPLIST_FILE = WeatherLoggerTests/Info.plist;
				IPHONEOS_DEPLOYMENT_TARGET = 13.4;
				LD_RUNPATH_SEARCH_PATHS = (
					"$(inherited)",
					"@executable_path/Frameworks",
					"@loader_path/Frameworks",
				);
				PRODUCT_BUNDLE_IDENTIFIER = mayadag.WeatherLoggerTests;
				PRODUCT_NAME = "$(TARGET_NAME)";
				SWIFT_VERSION = 5.0;
				TARGETED_DEVICE_FAMILY = "1,2";
				TEST_HOST = "$(BUILT_PRODUCTS_DIR)/WeatherLogger.app/WeatherLogger";
			};
			name = Release;
		};
		40BC0138241B968300FC339A /* Debug */ = {
			isa = XCBuildConfiguration;
			buildSettings = {
				ALWAYS_EMBED_SWIFT_STANDARD_LIBRARIES = YES;
				CODE_SIGN_STYLE = Automatic;
				DEVELOPMENT_TEAM = NMYUPMU93U;
				INFOPLIST_FILE = WeatherLoggerUITests/Info.plist;
				LD_RUNPATH_SEARCH_PATHS = (
					"$(inherited)",
					"@executable_path/Frameworks",
					"@loader_path/Frameworks",
				);
				PRODUCT_BUNDLE_IDENTIFIER = mayadag.WeatherLoggerUITests;
				PRODUCT_NAME = "$(TARGET_NAME)";
				SWIFT_VERSION = 5.0;
				TARGETED_DEVICE_FAMILY = "1,2";
				TEST_TARGET_NAME = WeatherLogger;
			};
			name = Debug;
		};
		40BC0139241B968300FC339A /* Release */ = {
			isa = XCBuildConfiguration;
			buildSettings = {
				ALWAYS_EMBED_SWIFT_STANDARD_LIBRARIES = YES;
				CODE_SIGN_STYLE = Automatic;
				DEVELOPMENT_TEAM = NMYUPMU93U;
				INFOPLIST_FILE = WeatherLoggerUITests/Info.plist;
				LD_RUNPATH_SEARCH_PATHS = (
					"$(inherited)",
					"@executable_path/Frameworks",
					"@loader_path/Frameworks",
				);
				PRODUCT_BUNDLE_IDENTIFIER = mayadag.WeatherLoggerUITests;
				PRODUCT_NAME = "$(TARGET_NAME)";
				SWIFT_VERSION = 5.0;
				TARGETED_DEVICE_FAMILY = "1,2";
				TEST_TARGET_NAME = WeatherLogger;
			};
			name = Release;
		};
/* End XCBuildConfiguration section */

/* Begin XCConfigurationList section */
		40BC0102241B968200FC339A /* Build configuration list for PBXProject "WeatherLogger" */ = {
			isa = XCConfigurationList;
			buildConfigurations = (
				40BC012F241B968300FC339A /* Debug */,
				40BC0130241B968300FC339A /* Release */,
			);
			defaultConfigurationIsVisible = 0;
			defaultConfigurationName = Release;
		};
		40BC0131241B968300FC339A /* Build configuration list for PBXNativeTarget "WeatherLogger" */ = {
			isa = XCConfigurationList;
			buildConfigurations = (
				40BC0132241B968300FC339A /* Debug */,
				40BC0133241B968300FC339A /* Release */,
			);
			defaultConfigurationIsVisible = 0;
			defaultConfigurationName = Release;
		};
		40BC0134241B968300FC339A /* Build configuration list for PBXNativeTarget "WeatherLoggerTests" */ = {
			isa = XCConfigurationList;
			buildConfigurations = (
				40BC0135241B968300FC339A /* Debug */,
				40BC0136241B968300FC339A /* Release */,
			);
			defaultConfigurationIsVisible = 0;
			defaultConfigurationName = Release;
		};
		40BC0137241B968300FC339A /* Build configuration list for PBXNativeTarget "WeatherLoggerUITests" */ = {
			isa = XCConfigurationList;
			buildConfigurations = (
				40BC0138241B968300FC339A /* Debug */,
				40BC0139241B968300FC339A /* Release */,
			);
			defaultConfigurationIsVisible = 0;
			defaultConfigurationName = Release;
		};
/* End XCConfigurationList section */
	};
	rootObject = 40BC00FF241B968200FC339A /* Project object */;
}
